// !$*UTF8*$!
{
	archiveVersion = 1;
	classes = {
	};
	objectVersion = 56;
	objects = {

/* Begin PBXBuildFile section */
		18EB2BEF2BDB6C7100FBCCC4 /* profileCell.xib in Resources */ = {isa = PBXBuildFile; fileRef = 18EB2BEE2BDB6C7100FBCCC4 /* profileCell.xib */; };
		18EB2BF12BDB83AC00FBCCC4 /* DetailController.swift in Sources */ = {isa = PBXBuildFile; fileRef = 18EB2BF02BDB83AC00FBCCC4 /* DetailController.swift */; };
		B20A80EE2BCBA7A600F5BC2A /* AppDelegate.swift in Sources */ = {isa = PBXBuildFile; fileRef = B20A80ED2BCBA7A600F5BC2A /* AppDelegate.swift */; };
		B20A80F22BCBA7A600F5BC2A /* ListViewController.swift in Sources */ = {isa = PBXBuildFile; fileRef = B20A80F12BCBA7A600F5BC2A /* ListViewController.swift */; };
		B20A80F52BCBA7A600F5BC2A /* Main.storyboard in Resources */ = {isa = PBXBuildFile; fileRef = B20A80F32BCBA7A600F5BC2A /* Main.storyboard */; };
		B20A80F72BCBA7A800F5BC2A /* Assets.xcassets in Resources */ = {isa = PBXBuildFile; fileRef = B20A80F62BCBA7A800F5BC2A /* Assets.xcassets */; };
		B20A80FA2BCBA7A800F5BC2A /* LaunchScreen.storyboard in Resources */ = {isa = PBXBuildFile; fileRef = B20A80F82BCBA7A800F5BC2A /* LaunchScreen.storyboard */; };
		B26D89CD2BCDC00100868401 /* DataLoader.swift in Sources */ = {isa = PBXBuildFile; fileRef = B26D89CC2BCDC00100868401 /* DataLoader.swift */; };
		B26D89CF2BCDC06200868401 /* profileCell.swift in Sources */ = {isa = PBXBuildFile; fileRef = B26D89CE2BCDC06200868401 /* profileCell.swift */; };
		B26D89D12BCDC09C00868401 /* Profile.swift in Sources */ = {isa = PBXBuildFile; fileRef = B26D89D02BCDC09C00868401 /* Profile.swift */; };
		B26D89D32BCDC12E00868401 /* Constant.swift in Sources */ = {isa = PBXBuildFile; fileRef = B26D89D22BCDC12E00868401 /* Constant.swift */; };
/* End PBXBuildFile section */

/* Begin PBXFileReference section */
		18EB2BEE2BDB6C7100FBCCC4 /* profileCell.xib */ = {isa = PBXFileReference; lastKnownFileType = file.xib; path = profileCell.xib; sourceTree = "<group>"; };
		18EB2BF02BDB83AC00FBCCC4 /* DetailController.swift */ = {isa = PBXFileReference; lastKnownFileType = sourcecode.swift; path = DetailController.swift; sourceTree = "<group>"; };
		B20A80EA2BCBA7A600F5BC2A /* TechAssessment.app */ = {isa = PBXFileReference; explicitFileType = wrapper.application; includeInIndex = 0; path = TechAssessment.app; sourceTree = BUILT_PRODUCTS_DIR; };
		B20A80ED2BCBA7A600F5BC2A /* AppDelegate.swift */ = {isa = PBXFileReference; lastKnownFileType = sourcecode.swift; path = AppDelegate.swift; sourceTree = "<group>"; };
		B20A80F12BCBA7A600F5BC2A /* ListViewController.swift */ = {isa = PBXFileReference; lastKnownFileType = sourcecode.swift; path = ListViewController.swift; sourceTree = "<group>"; xcLanguageSpecificationIdentifier = xcode.lang.swift; };
		B20A80F42BCBA7A600F5BC2A /* Base */ = {isa = PBXFileReference; lastKnownFileType = file.storyboard; name = Base; path = Base.lproj/Main.storyboard; sourceTree = "<group>"; };
		B20A80F62BCBA7A800F5BC2A /* Assets.xcassets */ = {isa = PBXFileReference; lastKnownFileType = folder.assetcatalog; path = Assets.xcassets; sourceTree = "<group>"; };
		B20A80F92BCBA7A800F5BC2A /* Base */ = {isa = PBXFileReference; lastKnownFileType = file.storyboard; name = Base; path = Base.lproj/LaunchScreen.storyboard; sourceTree = "<group>"; };
		B20A80FB2BCBA7A800F5BC2A /* Info.plist */ = {isa = PBXFileReference; lastKnownFileType = text.plist.xml; path = Info.plist; sourceTree = "<group>"; };
		B26D89CC2BCDC00100868401 /* DataLoader.swift */ = {isa = PBXFileReference; lastKnownFileType = sourcecode.swift; path = DataLoader.swift; sourceTree = "<group>"; };
		B26D89CE2BCDC06200868401 /* profileCell.swift */ = {isa = PBXFileReference; lastKnownFileType = sourcecode.swift; path = profileCell.swift; sourceTree = "<group>"; };
		B26D89D02BCDC09C00868401 /* Profile.swift */ = {isa = PBXFileReference; lastKnownFileType = sourcecode.swift; path = Profile.swift; sourceTree = "<group>"; };
		B26D89D22BCDC12E00868401 /* Constant.swift */ = {isa = PBXFileReference; lastKnownFileType = sourcecode.swift; path = Constant.swift; sourceTree = "<group>"; };
/* End PBXFileReference section */

/* Begin PBXFrameworksBuildPhase section */
		B20A80E72BCBA7A600F5BC2A /* Frameworks */ = {
			isa = PBXFrameworksBuildPhase;
			buildActionMask = 2147483647;
			files = (
			);
			runOnlyForDeploymentPostprocessing = 0;
		};
/* End PBXFrameworksBuildPhase section */

/* Begin PBXGroup section */
		B20A80E12BCBA7A600F5BC2A = {
			isa = PBXGroup;
			children = (
				B20A80EC2BCBA7A600F5BC2A /* TechAssessment */,
				B20A80EB2BCBA7A600F5BC2A /* Products */,
			);
			sourceTree = "<group>";
		};
		B20A80EB2BCBA7A600F5BC2A /* Products */ = {
			isa = PBXGroup;
			children = (
				B20A80EA2BCBA7A600F5BC2A /* TechAssessment.app */,
			);
			name = Products;
			sourceTree = "<group>";
		};
		B20A80EC2BCBA7A600F5BC2A /* TechAssessment */ = {
			isa = PBXGroup;
			children = (
				B20A80ED2BCBA7A600F5BC2A /* AppDelegate.swift */,
				B20A80F12BCBA7A600F5BC2A /* ListViewController.swift */,
				18EB2BF02BDB83AC00FBCCC4 /* DetailController.swift */,
				B26D89CC2BCDC00100868401 /* DataLoader.swift */,
				B26D89CE2BCDC06200868401 /* profileCell.swift */,
				18EB2BEE2BDB6C7100FBCCC4 /* profileCell.xib */,
				B26D89D02BCDC09C00868401 /* Profile.swift */,
				B26D89D22BCDC12E00868401 /* Constant.swift */,
				B20A80F32BCBA7A600F5BC2A /* Main.storyboard */,
				B20A80F62BCBA7A800F5BC2A /* Assets.xcassets */,
				B20A80F82BCBA7A800F5BC2A /* LaunchScreen.storyboard */,
				B20A80FB2BCBA7A800F5BC2A /* Info.plist */,
			);
			path = TechAssessment;
			sourceTree = "<group>";
		};
/* End PBXGroup section */

/* Begin PBXNativeTarget section */
		B20A80E92BCBA7A600F5BC2A /* TechAssessment */ = {
			isa = PBXNativeTarget;
			buildConfigurationList = B20A80FE2BCBA7A800F5BC2A /* Build configuration list for PBXNativeTarget "TechAssessment" */;
			buildPhases = (
				B20A80E62BCBA7A600F5BC2A /* Sources */,
				B20A80E72BCBA7A600F5BC2A /* Frameworks */,
				B20A80E82BCBA7A600F5BC2A /* Resources */,
			);
			buildRules = (
			);
			dependencies = (
			);
			name = TechAssessment;
			productName = TechAssessment;
			productReference = B20A80EA2BCBA7A600F5BC2A /* TechAssessment.app */;
			productType = "com.apple.product-type.application";
		};
/* End PBXNativeTarget section */

/* Begin PBXProject section */
		B20A80E22BCBA7A600F5BC2A /* Project object */ = {
			isa = PBXProject;
			attributes = {
				BuildIndependentTargetsInParallel = 1;
				LastSwiftUpdateCheck = 1500;
				LastUpgradeCheck = 1500;
				TargetAttributes = {
					B20A80E92BCBA7A600F5BC2A = {
						CreatedOnToolsVersion = 15.0.1;
					};
				};
			};
			buildConfigurationList = B20A80E52BCBA7A600F5BC2A /* Build configuration list for PBXProject "TechAssessment" */;
			compatibilityVersion = "Xcode 14.0";
			developmentRegion = en;
			hasScannedForEncodings = 0;
			knownRegions = (
				en,
				Base,
			);
			mainGroup = B20A80E12BCBA7A600F5BC2A;
			productRefGroup = B20A80EB2BCBA7A600F5BC2A /* Products */;
			projectDirPath = "";
			projectRoot = "";
			targets = (
				B20A80E92BCBA7A600F5BC2A /* TechAssessment */,
			);
		};
/* End PBXProject section */

/* Begin PBXResourcesBuildPhase section */
		B20A80E82BCBA7A600F5BC2A /* Resources */ = {
			isa = PBXResourcesBuildPhase;
			buildActionMask = 2147483647;
			files = (
				B20A80FA2BCBA7A800F5BC2A /* LaunchScreen.storyboard in Resources */,
				18EB2BEF2BDB6C7100FBCCC4 /* profileCell.xib in Resources */,
				B20A80F72BCBA7A800F5BC2A /* Assets.xcassets in Resources */,
				B20A80F52BCBA7A600F5BC2A /* Main.storyboard in Resources */,
			);
			runOnlyForDeploymentPostprocessing = 0;
		};
/* End PBXResourcesBuildPhase section */

/* Begin PBXSourcesBuildPhase section */
		B20A80E62BCBA7A600F5BC2A /* Sources */ = {
			isa = PBXSourcesBuildPhase;
			buildActionMask = 2147483647;
			files = (
				B20A80F22BCBA7A600F5BC2A /* ListViewController.swift in Sources */,
				18EB2BF12BDB83AC00FBCCC4 /* DetailController.swift in Sources */,
				B26D89D12BCDC09C00868401 /* Profile.swift in Sources */,
				B26D89CF2BCDC06200868401 /* profileCell.swift in Sources */,
				B20A80EE2BCBA7A600F5BC2A /* AppDelegate.swift in Sources */,
				B26D89CD2BCDC00100868401 /* DataLoader.swift in Sources */,
				B26D89D32BCDC12E00868401 /* Constant.swift in Sources */,
			);
			runOnlyForDeploymentPostprocessing = 0;
		};
/* End PBXSourcesBuildPhase section */

/* Begin PBXVariantGroup section */
		B20A80F32BCBA7A600F5BC2A /* Main.storyboard */ = {
			isa = PBXVariantGroup;
			children = (
				B20A80F42BCBA7A600F5BC2A /* Base */,
			);
			name = Main.storyboard;
			sourceTree = "<group>";
		};
		B20A80F82BCBA7A800F5BC2A /* LaunchScreen.storyboard */ = {
			isa = PBXVariantGroup;
			children = (
				B20A80F92BCBA7A800F5BC2A /* Base */,
			);
			name = LaunchScreen.storyboard;
			sourceTree = "<group>";
		};
/* End PBXVariantGroup section */

/* Begin XCBuildConfiguration section */
		B20A80FC2BCBA7A800F5BC2A /* Debug */ = {
			isa = XCBuildConfiguration;
			buildSettings = {
				ALWAYS_SEARCH_USER_PATHS = NO;
				ASSETCATALOG_COMPILER_GENERATE_SWIFT_ASSET_SYMBOL_EXTENSIONS = YES;
				CLANG_ANALYZER_NONNULL = YES;
				CLANG_ANALYZER_NUMBER_OBJECT_CONVERSION = YES_AGGRESSIVE;
				CLANG_CXX_LANGUAGE_STANDARD = "gnu++20";
				CLANG_ENABLE_MODULES = YES;
				CLANG_ENABLE_OBJC_ARC = YES;
				CLANG_ENABLE_OBJC_WEAK = YES;
				CLANG_WARN_BLOCK_CAPTURE_AUTORELEASING = YES;
				CLANG_WARN_BOOL_CONVERSION = YES;
				CLANG_WARN_COMMA = YES;
				CLANG_WARN_CONSTANT_CONVERSION = YES;
				CLANG_WARN_DEPRECATED_OBJC_IMPLEMENTATIONS = YES;
				CLANG_WARN_DIRECT_OBJC_ISA_USAGE = YES_ERROR;
				CLANG_WARN_DOCUMENTATION_COMMENTS = YES;
				CLANG_WARN_EMPTY_BODY = YES;
				CLANG_WARN_ENUM_CONVERSION = YES;
				CLANG_WARN_INFINITE_RECURSION = YES;
				CLANG_WARN_INT_CONVERSION = YES;
				CLANG_WARN_NON_LITERAL_NULL_CONVERSION = YES;
				CLANG_WARN_OBJC_IMPLICIT_RETAIN_SELF = YES;
				CLANG_WARN_OBJC_LITERAL_CONVERSION = YES;
				CLANG_WARN_OBJC_ROOT_CLASS = YES_ERROR;
				CLANG_WARN_QUOTED_INCLUDE_IN_FRAMEWORK_HEADER = YES;
				CLANG_WARN_RANGE_LOOP_ANALYSIS = YES;
				CLANG_WARN_STRICT_PROTOTYPES = YES;
				CLANG_WARN_SUSPICIOUS_MOVE = YES;
				CLANG_WARN_UNGUARDED_AVAILABILITY = YES_AGGRESSIVE;
				CLANG_WARN_UNREACHABLE_CODE = YES;
				CLANG_WARN__DUPLICATE_METHOD_MATCH = YES;
				COPY_PHASE_STRIP = NO;
				DEBUG_INFORMATION_FORMAT = dwarf;
				ENABLE_STRICT_OBJC_MSGSEND = YES;
				ENABLE_TESTABILITY = YES;
				ENABLE_USER_SCRIPT_SANDBOXING = YES;
				GCC_C_LANGUAGE_STANDARD = gnu17;
				GCC_DYNAMIC_NO_PIC = NO;
				GCC_NO_COMMON_BLOCKS = YES;
				GCC_OPTIMIZATION_LEVEL = 0;
				GCC_PREPROCESSOR_DEFINITIONS = (
					"DEBUG=1",
					"$(inherited)",
				);
				GCC_WARN_64_TO_32_BIT_CONVERSION = YES;
				GCC_WARN_ABOUT_RETURN_TYPE = YES_ERROR;
				GCC_WARN_UNDECLARED_SELECTOR = YES;
				GCC_WARN_UNINITIALIZED_AUTOS = YES_AGGRESSIVE;
				GCC_WARN_UNUSED_FUNCTION = YES;
				GCC_WARN_UNUSED_VARIABLE = YES;
				IPHONEOS_DEPLOYMENT_TARGET = 17.0;
				LOCALIZATION_PREFERS_STRING_CATALOGS = YES;
				MTL_ENABLE_DEBUG_INFO = INCLUDE_SOURCE;
				MTL_FAST_MATH = YES;
				ONLY_ACTIVE_ARCH = YES;
				SDKROOT = iphoneos;
				SWIFT_ACTIVE_COMPILATION_CONDITIONS = "DEBUG $(inherited)";
				SWIFT_OPTIMIZATION_LEVEL = "-Onone";
			};
			name = Debug;
		};
		B20A80FD2BCBA7A800F5BC2A /* Release */ = {
			isa = XCBuildConfiguration;
			buildSettings = {
				ALWAYS_SEARCH_USER_PATHS = NO;
				ASSETCATALOG_COMPILER_GENERATE_SWIFT_ASSET_SYMBOL_EXTENSIONS = YES;
				CLANG_ANALYZER_NONNULL = YES;
				CLANG_ANALYZER_NUMBER_OBJECT_CONVERSION = YES_AGGRESSIVE;
				CLANG_CXX_LANGUAGE_STANDARD = "gnu++20";
				CLANG_ENABLE_MODULES = YES;
				CLANG_ENABLE_OBJC_ARC = YES;
				CLANG_ENABLE_OBJC_WEAK = YES;
				CLANG_WARN_BLOCK_CAPTURE_AUTORELEASING = YES;
				CLANG_WARN_BOOL_CONVERSION = YES;
				CLANG_WARN_COMMA = YES;
				CLANG_WARN_CONSTANT_CONVERSION = YES;
				CLANG_WARN_DEPRECATED_OBJC_IMPLEMENTATIONS = YES;
				CLANG_WARN_DIRECT_OBJC_ISA_USAGE = YES_ERROR;
				CLANG_WARN_DOCUMENTATION_COMMENTS = YES;
				CLANG_WARN_EMPTY_BODY = YES;
				CLANG_WARN_ENUM_CONVERSION = YES;
				CLANG_WARN_INFINITE_RECURSION = YES;
				CLANG_WARN_INT_CONVERSION = YES;
				CLANG_WARN_NON_LITERAL_NULL_CONVERSION = YES;
				CLANG_WARN_OBJC_IMPLICIT_RETAIN_SELF = YES;
				CLANG_WARN_OBJC_LITERAL_CONVERSION = YES;
				CLANG_WARN_OBJC_ROOT_CLASS = YES_ERROR;
				CLANG_WARN_QUOTED_INCLUDE_IN_FRAMEWORK_HEADER = YES;
				CLANG_WARN_RANGE_LOOP_ANALYSIS = YES;
				CLANG_WARN_STRICT_PROTOTYPES = YES;
				CLANG_WARN_SUSPICIOUS_MOVE = YES;
				CLANG_WARN_UNGUARDED_AVAILABILITY = YES_AGGRESSIVE;
				CLANG_WARN_UNREACHABLE_CODE = YES;
				CLANG_WARN__DUPLICATE_METHOD_MATCH = YES;
				COPY_PHASE_STRIP = NO;
				DEBUG_INFORMATION_FORMAT = "dwarf-with-dsym";
				ENABLE_NS_ASSERTIONS = NO;
				ENABLE_STRICT_OBJC_MSGSEND = YES;
				ENABLE_USER_SCRIPT_SANDBOXING = YES;
				GCC_C_LANGUAGE_STANDARD = gnu17;
				GCC_NO_COMMON_BLOCKS = YES;
				GCC_WARN_64_TO_32_BIT_CONVERSION = YES;
				GCC_WARN_ABOUT_RETURN_TYPE = YES_ERROR;
				GCC_WARN_UNDECLARED_SELECTOR = YES;
				GCC_WARN_UNINITIALIZED_AUTOS = YES_AGGRESSIVE;
				GCC_WARN_UNUSED_FUNCTION = YES;
				GCC_WARN_UNUSED_VARIABLE = YES;
				IPHONEOS_DEPLOYMENT_TARGET = 17.0;
				LOCALIZATION_PREFERS_STRING_CATALOGS = YES;
				MTL_ENABLE_DEBUG_INFO = NO;
				MTL_FAST_MATH = YES;
				SDKROOT = iphoneos;
				SWIFT_COMPILATION_MODE = wholemodule;
				VALIDATE_PRODUCT = YES;
			};
			name = Release;
		};
		B20A80FF2BCBA7A800F5BC2A /* Debug */ = {
			isa = XCBuildConfiguration;
			buildSettings = {
				ASSETCATALOG_COMPILER_APPICON_NAME = AppIcon;
				ASSETCATALOG_COMPILER_GLOBAL_ACCENT_COLOR_NAME = AccentColor;
				CODE_SIGN_STYLE = Automatic;
				CURRENT_PROJECT_VERSION = 1;
				GENERATE_INFOPLIST_FILE = YES;
				INFOPLIST_FILE = TechAssessment/Info.plist;
				INFOPLIST_KEY_UIApplicationSupportsIndirectInputEvents = YES;
				INFOPLIST_KEY_UILaunchStoryboardName = LaunchScreen;
				INFOPLIST_KEY_UIMainStoryboardFile = Main;
				INFOPLIST_KEY_UISupportedInterfaceOrientations_iPad = "UIInterfaceOrientationPortrait UIInterfaceOrientationPortraitUpsideDown UIInterfaceOrientationLandscapeLeft UIInterfaceOrientationLandscapeRight";
				INFOPLIST_KEY_UISupportedInterfaceOrientations_iPhone = "UIInterfaceOrientationPortrait UIInterfaceOrientationLandscapeLeft UIInterfaceOrientationLandscapeRight";
				LD_RUNPATH_SEARCH_PATHS = (
					"$(inherited)",
					"@executable_path/Frameworks",
				);
				MARKETING_VERSION = 1.0;
				PRODUCT_BUNDLE_IDENTIFIER = com.DarshanaSoni.TechAssessment;
				PRODUCT_NAME = "$(TARGET_NAME)";
				SWIFT_EMIT_LOC_STRINGS = YES;
				SWIFT_VERSION = 5.0;
				TARGETED_DEVICE_FAMILY = "1,2";
			};
			name = Debug;
		};
		B20A81002BCBA7A800F5BC2A /* Release */ = {
			isa = XCBuildConfiguration;
			buildSettings = {
				ASSETCATALOG_COMPILER_APPICON_NAME = AppIcon;
				ASSETCATALOG_COMPILER_GLOBAL_ACCENT_COLOR_NAME = AccentColor;
				CODE_SIGN_STYLE = Automatic;
				CURRENT_PROJECT_VERSION = 1;
				GENERATE_INFOPLIST_FILE = YES;
				INFOPLIST_FILE = TechAssessment/Info.plist;
				INFOPLIST_KEY_UIApplicationSupportsIndirectInputEvents = YES;
				INFOPLIST_KEY_UILaunchStoryboardName = LaunchScreen;
				INFOPLIST_KEY_UIMainStoryboardFile = Main;
				INFOPLIST_KEY_UISupportedInterfaceOrientations_iPad = "UIInterfaceOrientationPortrait UIInterfaceOrientationPortraitUpsideDown UIInterfaceOrientationLandscapeLeft UIInterfaceOrientationLandscapeRight";
				INFOPLIST_KEY_UISupportedInterfaceOrientations_iPhone = "UIInterfaceOrientationPortrait UIInterfaceOrientationLandscapeLeft UIInterfaceOrientationLandscapeRight";
				LD_RUNPATH_SEARCH_PATHS = (
					"$(inherited)",
					"@executable_path/Frameworks",
				);
				MARKETING_VERSION = 1.0;
				PRODUCT_BUNDLE_IDENTIFIER = com.DarshanaSoni.TechAssessment;
				PRODUCT_NAME = "$(TARGET_NAME)";
				SWIFT_EMIT_LOC_STRINGS = YES;
				SWIFT_VERSION = 5.0;
				TARGETED_DEVICE_FAMILY = "1,2";
			};
			name = Release;
		};
/* End XCBuildConfiguration section */

/* Begin XCConfigurationList section */
		B20A80E52BCBA7A600F5BC2A /* Build configuration list for PBXProject "TechAssessment" */ = {
			isa = XCConfigurationList;
			buildConfigurations = (
				B20A80FC2BCBA7A800F5BC2A /* Debug */,
				B20A80FD2BCBA7A800F5BC2A /* Release */,
			);
			defaultConfigurationIsVisible = 0;
			defaultConfigurationName = Release;
		};
		B20A80FE2BCBA7A800F5BC2A /* Build configuration list for PBXNativeTarget "TechAssessment" */ = {
			isa = XCConfigurationList;
			buildConfigurations = (
				B20A80FF2BCBA7A800F5BC2A /* Debug */,
				B20A81002BCBA7A800F5BC2A /* Release */,
			);
			defaultConfigurationIsVisible = 0;
			defaultConfigurationName = Release;
		};
/* End XCConfigurationList section */
	};
	rootObject = B20A80E22BCBA7A600F5BC2A /* Project object */;
}
